Microsoft Visual Studio Solution File, Format Version 12.00
# Visual Studio Express 2012 for Windows Desktop
Project("{8BC9CEB8-8B4A-11D0-8D11-00A0C91BC942}") = "Adblock", "AdBlocker\AdBlocker.vcxproj", "{24AAF1A9-ACC0-4BEB-B781-084734D939B5}"
EndProject
Project("{8BC9CEB8-8B4A-11D0-8D11-00A0C91BC942}") = "js2c", "..\V8\MSVS\third_party\v8\tools\gyp\js2c.vcxproj", "{49135473-EB63-9B96-1382-20C889488A21}"
EndProject
Project("{8BC9CEB8-8B4A-11D0-8D11-00A0C91BC942}") = "mksnapshot", "..\V8\MSVS\third_party\v8\tools\gyp\mksnapshot.vcxproj", "{ACA6E3B1-005F-D4EA-B61E-C3B763EBAABA}"
EndProject
Project("{8BC9CEB8-8B4A-11D0-8D11-00A0C91BC942}") = "preparser_lib", "..\V8\MSVS\third_party\v8\tools\gyp\preparser_lib.vcxproj", "{A4618A4D-4E48-D7BC-9728-DC7DD509169D}"
EndProject
Project("{8BC9CEB8-8B4A-11D0-8D11-00A0C91BC942}") = "v8", "..\V8\MSVS\third_party\v8\tools\gyp\v8.vcxproj", "{FBB6CB62-DDEE-671E-D69F-37E0F0A1B214}"
EndProject
Project("{8BC9CEB8-8B4A-11D0-8D11-00A0C91BC942}") = "v8_base", "..\V8\MSVS\third_party\v8\tools\gyp\v8_base.vcxproj", "{C782DF61-6EF9-0352-CB91-68298A8E12DB}"
EndProject
Project("{8BC9CEB8-8B4A-11D0-8D11-00A0C91BC942}") = "v8_nosnapshot", "..\V8\MSVS\third_party\v8\tools\gyp\v8_nosnapshot.vcxproj", "{E5D7C55C-E71E-7F6D-1DCD-12FED2ADA6F2}"
EndProject
Project("{8BC9CEB8-8B4A-11D0-8D11-00A0C91BC942}") = "v8_shell", "..\V8\MSVS\third_party\v8\tools\gyp\v8_shell.vcxproj", "{DAC49B24-4487-3D70-CC3A-AE9D17F525AE}"
EndProject
Project("{8BC9CEB8-8B4A-11D0-8D11-00A0C91BC942}") = "v8_snapshot", "..\V8\MSVS\third_party\v8\tools\gyp\v8_snapshot.vcxproj", "{675D727D-F234-E4DD-20C1-85AAA5DF715B}"
EndProject
Project("{8BC9CEB8-8B4A-11D0-8D11-00A0C91BC942}") = "abpshell", "..\V8\MSVS\abpshell.vcxproj", "{B8C5ABC4-2076-B368-19EB-531BAE26CEF1}"
EndProject
Project("{8BC9CEB8-8B4A-11D0-8D11-00A0C91BC942}") = "googletest", "..\V8\MSVS\third_party\googletest.vcxproj", "{D869E7BF-86A6-5FAC-EE30-41B91E223897}"
EndProject
Project("{8BC9CEB8-8B4A-11D0-8D11-00A0C91BC942}") = "googletest_main", "..\V8\MSVS\third_party\googletest_main.vcxproj", "{D10157DF-21E8-459F-E3B2-5DCDCFCEC03E}"
EndProject
Project("{8BC9CEB8-8B4A-11D0-8D11-00A0C91BC942}") = "tests", "..\V8\MSVS\tests.vcxproj", "{C7A34BAE-71B0-7ABD-0AA5-19B8A1B9AB2F}"
EndProject
Project("{8BC9CEB8-8B4A-11D0-8D11-00A0C91BC942}") = "libadblockplus", "..\V8\MSVS\libadblockplus.vcxproj", "{E60284DC-2131-D9A9-D19C-B792B7F5F727}"
EndProject
Global
	GlobalSection(SolutionConfigurationPlatforms) = preSolution
		Debug Production|Mixed Platforms = Debug Production|Mixed Platforms
		Debug Production|Win32 = Debug Production|Win32
		Debug Production|x64 = Debug Production|x64
		Debug Test|Mixed Platforms = Debug Test|Mixed Platforms
		Debug Test|Win32 = Debug Test|Win32
		Debug Test|x64 = Debug Test|x64
		Debug|Mixed Platforms = Debug|Mixed Platforms
		Debug|Win32 = Debug|Win32
		Debug|x64 = Debug|x64
		Default|Mixed Platforms = Default|Mixed Platforms
		Default|Win32 = Default|Win32
		Default|x64 = Default|x64
		Release Production|Mixed Platforms = Release Production|Mixed Platforms
		Release Production|Win32 = Release Production|Win32
		Release Production|x64 = Release Production|x64
		Release Test|Mixed Platforms = Release Test|Mixed Platforms
		Release Test|Win32 = Release Test|Win32
		Release Test|x64 = Release Test|x64
		Release|Mixed Platforms = Release|Mixed Platforms
		Release|Win32 = Release|Win32
		Release|x64 = Release|x64
	EndGlobalSection
	GlobalSection(ProjectConfigurationPlatforms) = postSolution
		{24AAF1A9-ACC0-4BEB-B781-084734D939B5}.Debug Production|Mixed Platforms.ActiveCfg = Debug Production|Win32
		{24AAF1A9-ACC0-4BEB-B781-084734D939B5}.Debug Production|Mixed Platforms.Build.0 = Debug Production|Win32
		{24AAF1A9-ACC0-4BEB-B781-084734D939B5}.Debug Production|Win32.ActiveCfg = Debug Production|Win32
		{24AAF1A9-ACC0-4BEB-B781-084734D939B5}.Debug Production|Win32.Build.0 = Debug Production|Win32
		{24AAF1A9-ACC0-4BEB-B781-084734D939B5}.Debug Production|x64.ActiveCfg = Debug Production|x64
		{24AAF1A9-ACC0-4BEB-B781-084734D939B5}.Debug Production|x64.Build.0 = Debug Production|x64
		{24AAF1A9-ACC0-4BEB-B781-084734D939B5}.Debug Test|Mixed Platforms.ActiveCfg = Debug Test|Win32
		{24AAF1A9-ACC0-4BEB-B781-084734D939B5}.Debug Test|Mixed Platforms.Build.0 = Debug Test|Win32
		{24AAF1A9-ACC0-4BEB-B781-084734D939B5}.Debug Test|Win32.ActiveCfg = Debug Test|Win32
		{24AAF1A9-ACC0-4BEB-B781-084734D939B5}.Debug Test|Win32.Build.0 = Debug Test|Win32
		{24AAF1A9-ACC0-4BEB-B781-084734D939B5}.Debug Test|x64.ActiveCfg = Debug Test|x64
		{24AAF1A9-ACC0-4BEB-B781-084734D939B5}.Debug Test|x64.Build.0 = Debug Test|x64
		{24AAF1A9-ACC0-4BEB-B781-084734D939B5}.Debug|Mixed Platforms.ActiveCfg = Debug Test|Win32
		{24AAF1A9-ACC0-4BEB-B781-084734D939B5}.Debug|Mixed Platforms.Build.0 = Debug Test|Win32
		{24AAF1A9-ACC0-4BEB-B781-084734D939B5}.Debug|Win32.ActiveCfg = Debug Test|Win32
		{24AAF1A9-ACC0-4BEB-B781-084734D939B5}.Debug|Win32.Build.0 = Debug Test|Win32
		{24AAF1A9-ACC0-4BEB-B781-084734D939B5}.Debug|x64.ActiveCfg = Debug Test|x64
		{24AAF1A9-ACC0-4BEB-B781-084734D939B5}.Debug|x64.Build.0 = Debug Test|x64
		{24AAF1A9-ACC0-4BEB-B781-084734D939B5}.Default|Mixed Platforms.ActiveCfg = Debug Test|Win32
		{24AAF1A9-ACC0-4BEB-B781-084734D939B5}.Default|Mixed Platforms.Build.0 = Debug Test|Win32
		{24AAF1A9-ACC0-4BEB-B781-084734D939B5}.Default|Win32.ActiveCfg = Debug Test|Win32
		{24AAF1A9-ACC0-4BEB-B781-084734D939B5}.Default|Win32.Build.0 = Debug Test|Win32
		{24AAF1A9-ACC0-4BEB-B781-084734D939B5}.Default|x64.ActiveCfg = Debug Test|x64
		{24AAF1A9-ACC0-4BEB-B781-084734D939B5}.Default|x64.Build.0 = Debug Test|x64
		{24AAF1A9-ACC0-4BEB-B781-084734D939B5}.Release Production|Mixed Platforms.ActiveCfg = Release Production|Win32
		{24AAF1A9-ACC0-4BEB-B781-084734D939B5}.Release Production|Mixed Platforms.Build.0 = Release Production|Win32
		{24AAF1A9-ACC0-4BEB-B781-084734D939B5}.Release Production|Win32.ActiveCfg = Release Production|Win32
		{24AAF1A9-ACC0-4BEB-B781-084734D939B5}.Release Production|Win32.Build.0 = Release Production|Win32
		{24AAF1A9-ACC0-4BEB-B781-084734D939B5}.Release Production|x64.ActiveCfg = Release Production|x64
		{24AAF1A9-ACC0-4BEB-B781-084734D939B5}.Release Production|x64.Build.0 = Release Production|x64
		{24AAF1A9-ACC0-4BEB-B781-084734D939B5}.Release Test|Mixed Platforms.ActiveCfg = Release Test|Win32
		{24AAF1A9-ACC0-4BEB-B781-084734D939B5}.Release Test|Mixed Platforms.Build.0 = Release Test|Win32
		{24AAF1A9-ACC0-4BEB-B781-084734D939B5}.Release Test|Win32.ActiveCfg = Release Test|Win32
		{24AAF1A9-ACC0-4BEB-B781-084734D939B5}.Release Test|Win32.Build.0 = Release Test|Win32
		{24AAF1A9-ACC0-4BEB-B781-084734D939B5}.Release Test|x64.ActiveCfg = Release Test|x64
		{24AAF1A9-ACC0-4BEB-B781-084734D939B5}.Release Test|x64.Build.0 = Release Test|x64
		{24AAF1A9-ACC0-4BEB-B781-084734D939B5}.Release|Mixed Platforms.ActiveCfg = Release Test|Win32
		{24AAF1A9-ACC0-4BEB-B781-084734D939B5}.Release|Mixed Platforms.Build.0 = Release Test|Win32
		{24AAF1A9-ACC0-4BEB-B781-084734D939B5}.Release|Win32.ActiveCfg = Release Test|Win32
		{24AAF1A9-ACC0-4BEB-B781-084734D939B5}.Release|Win32.Build.0 = Release Test|Win32
		{24AAF1A9-ACC0-4BEB-B781-084734D939B5}.Release|x64.ActiveCfg = Release Test|x64
		{24AAF1A9-ACC0-4BEB-B781-084734D939B5}.Release|x64.Build.0 = Release Test|x64
		{49135473-EB63-9B96-1382-20C889488A21}.Debug Production|Mixed Platforms.ActiveCfg = Debug|Win32
		{49135473-EB63-9B96-1382-20C889488A21}.Debug Production|Mixed Platforms.Build.0 = Debug|Win32
		{49135473-EB63-9B96-1382-20C889488A21}.Debug Production|Win32.ActiveCfg = Debug|Win32
		{49135473-EB63-9B96-1382-20C889488A21}.Debug Production|Win32.Build.0 = Debug|Win32
		{49135473-EB63-9B96-1382-20C889488A21}.Debug Production|x64.ActiveCfg = Debug|Win32
		{49135473-EB63-9B96-1382-20C889488A21}.Debug Test|Mixed Platforms.ActiveCfg = Debug|Win32
		{49135473-EB63-9B96-1382-20C889488A21}.Debug Test|Mixed Platforms.Build.0 = Debug|Win32
		{49135473-EB63-9B96-1382-20C889488A21}.Debug Test|Win32.ActiveCfg = Debug|Win32
		{49135473-EB63-9B96-1382-20C889488A21}.Debug Test|Win32.Build.0 = Debug|Win32
		{49135473-EB63-9B96-1382-20C889488A21}.Debug Test|x64.ActiveCfg = Debug|Win32
		{49135473-EB63-9B96-1382-20C889488A21}.Debug|Mixed Platforms.ActiveCfg = Debug|Win32
		{49135473-EB63-9B96-1382-20C889488A21}.Debug|Mixed Platforms.Build.0 = Debug|Win32
		{49135473-EB63-9B96-1382-20C889488A21}.Debug|Win32.ActiveCfg = Debug|Win32
		{49135473-EB63-9B96-1382-20C889488A21}.Debug|Win32.Build.0 = Debug|Win32
		{49135473-EB63-9B96-1382-20C889488A21}.Debug|x64.ActiveCfg = Debug|Win32
		{49135473-EB63-9B96-1382-20C889488A21}.Default|Mixed Platforms.ActiveCfg = Debug|Win32
		{49135473-EB63-9B96-1382-20C889488A21}.Default|Mixed Platforms.Build.0 = Debug|Win32
		{49135473-EB63-9B96-1382-20C889488A21}.Default|Win32.ActiveCfg = Debug|Win32
		{49135473-EB63-9B96-1382-20C889488A21}.Default|Win32.Build.0 = Debug|Win32
		{49135473-EB63-9B96-1382-20C889488A21}.Default|x64.ActiveCfg = Debug|Win32
		{49135473-EB63-9B96-1382-20C889488A21}.Release Production|Mixed Platforms.ActiveCfg = Release|Win32
		{49135473-EB63-9B96-1382-20C889488A21}.Release Production|Mixed Platforms.Build.0 = Release|Win32
		{49135473-EB63-9B96-1382-20C889488A21}.Release Production|Win32.ActiveCfg = Release|Win32
		{49135473-EB63-9B96-1382-20C889488A21}.Release Production|Win32.Build.0 = Release|Win32
		{49135473-EB63-9B96-1382-20C889488A21}.Release Production|x64.ActiveCfg = Release|Win32
		{49135473-EB63-9B96-1382-20C889488A21}.Release Test|Mixed Platforms.ActiveCfg = Release|Win32
		{49135473-EB63-9B96-1382-20C889488A21}.Release Test|Mixed Platforms.Build.0 = Release|Win32
		{49135473-EB63-9B96-1382-20C889488A21}.Release Test|Win32.ActiveCfg = Release|Win32
		{49135473-EB63-9B96-1382-20C889488A21}.Release Test|Win32.Build.0 = Release|Win32
		{49135473-EB63-9B96-1382-20C889488A21}.Release Test|x64.ActiveCfg = Release|Win32
		{49135473-EB63-9B96-1382-20C889488A21}.Release|Mixed Platforms.ActiveCfg = Release|Win32
		{49135473-EB63-9B96-1382-20C889488A21}.Release|Mixed Platforms.Build.0 = Release|Win32
		{49135473-EB63-9B96-1382-20C889488A21}.Release|Win32.ActiveCfg = Release|Win32
		{49135473-EB63-9B96-1382-20C889488A21}.Release|Win32.Build.0 = Release|Win32
		{49135473-EB63-9B96-1382-20C889488A21}.Release|x64.ActiveCfg = Release|Win32
		{ACA6E3B1-005F-D4EA-B61E-C3B763EBAABA}.Debug Production|Mixed Platforms.ActiveCfg = Debug|Win32
		{ACA6E3B1-005F-D4EA-B61E-C3B763EBAABA}.Debug Production|Mixed Platforms.Build.0 = Debug|Win32
		{ACA6E3B1-005F-D4EA-B61E-C3B763EBAABA}.Debug Production|Win32.ActiveCfg = Debug|Win32
		{ACA6E3B1-005F-D4EA-B61E-C3B763EBAABA}.Debug Production|Win32.Build.0 = Debug|Win32
		{ACA6E3B1-005F-D4EA-B61E-C3B763EBAABA}.Debug Production|x64.ActiveCfg = Debug|Win32
		{ACA6E3B1-005F-D4EA-B61E-C3B763EBAABA}.Debug Test|Mixed Platforms.ActiveCfg = Debug|Win32
		{ACA6E3B1-005F-D4EA-B61E-C3B763EBAABA}.Debug Test|Mixed Platforms.Build.0 = Debug|Win32
		{ACA6E3B1-005F-D4EA-B61E-C3B763EBAABA}.Debug Test|Win32.ActiveCfg = Debug|Win32
		{ACA6E3B1-005F-D4EA-B61E-C3B763EBAABA}.Debug Test|Win32.Build.0 = Debug|Win32
		{ACA6E3B1-005F-D4EA-B61E-C3B763EBAABA}.Debug Test|x64.ActiveCfg = Debug|Win32
		{ACA6E3B1-005F-D4EA-B61E-C3B763EBAABA}.Debug|Mixed Platforms.ActiveCfg = Debug|Win32
		{ACA6E3B1-005F-D4EA-B61E-C3B763EBAABA}.Debug|Mixed Platforms.Build.0 = Debug|Win32
		{ACA6E3B1-005F-D4EA-B61E-C3B763EBAABA}.Debug|Win32.ActiveCfg = Debug|Win32
		{ACA6E3B1-005F-D4EA-B61E-C3B763EBAABA}.Debug|Win32.Build.0 = Debug|Win32
		{ACA6E3B1-005F-D4EA-B61E-C3B763EBAABA}.Debug|x64.ActiveCfg = Debug|Win32
		{ACA6E3B1-005F-D4EA-B61E-C3B763EBAABA}.Default|Mixed Platforms.ActiveCfg = Debug|Win32
		{ACA6E3B1-005F-D4EA-B61E-C3B763EBAABA}.Default|Mixed Platforms.Build.0 = Debug|Win32
		{ACA6E3B1-005F-D4EA-B61E-C3B763EBAABA}.Default|Win32.ActiveCfg = Debug|Win32
		{ACA6E3B1-005F-D4EA-B61E-C3B763EBAABA}.Default|Win32.Build.0 = Debug|Win32
		{ACA6E3B1-005F-D4EA-B61E-C3B763EBAABA}.Default|x64.ActiveCfg = Debug|Win32
		{ACA6E3B1-005F-D4EA-B61E-C3B763EBAABA}.Release Production|Mixed Platforms.ActiveCfg = Release|Win32
		{ACA6E3B1-005F-D4EA-B61E-C3B763EBAABA}.Release Production|Mixed Platforms.Build.0 = Release|Win32
		{ACA6E3B1-005F-D4EA-B61E-C3B763EBAABA}.Release Production|Win32.ActiveCfg = Release|Win32
		{ACA6E3B1-005F-D4EA-B61E-C3B763EBAABA}.Release Production|Win32.Build.0 = Release|Win32
		{ACA6E3B1-005F-D4EA-B61E-C3B763EBAABA}.Release Production|x64.ActiveCfg = Release|Win32
		{ACA6E3B1-005F-D4EA-B61E-C3B763EBAABA}.Release Test|Mixed Platforms.ActiveCfg = Release|Win32
		{ACA6E3B1-005F-D4EA-B61E-C3B763EBAABA}.Release Test|Mixed Platforms.Build.0 = Release|Win32
		{ACA6E3B1-005F-D4EA-B61E-C3B763EBAABA}.Release Test|Win32.ActiveCfg = Release|Win32
		{ACA6E3B1-005F-D4EA-B61E-C3B763EBAABA}.Release Test|Win32.Build.0 = Release|Win32
		{ACA6E3B1-005F-D4EA-B61E-C3B763EBAABA}.Release Test|x64.ActiveCfg = Release|Win32
		{ACA6E3B1-005F-D4EA-B61E-C3B763EBAABA}.Release|Mixed Platforms.ActiveCfg = Release|Win32
		{ACA6E3B1-005F-D4EA-B61E-C3B763EBAABA}.Release|Mixed Platforms.Build.0 = Release|Win32
		{ACA6E3B1-005F-D4EA-B61E-C3B763EBAABA}.Release|Win32.ActiveCfg = Release|Win32
		{ACA6E3B1-005F-D4EA-B61E-C3B763EBAABA}.Release|Win32.Build.0 = Release|Win32
		{ACA6E3B1-005F-D4EA-B61E-C3B763EBAABA}.Release|x64.ActiveCfg = Release|Win32
		{A4618A4D-4E48-D7BC-9728-DC7DD509169D}.Debug Production|Mixed Platforms.ActiveCfg = Debug|Win32
		{A4618A4D-4E48-D7BC-9728-DC7DD509169D}.Debug Production|Mixed Platforms.Build.0 = Debug|Win32
		{A4618A4D-4E48-D7BC-9728-DC7DD509169D}.Debug Production|Win32.ActiveCfg = Debug|Win32
		{A4618A4D-4E48-D7BC-9728-DC7DD509169D}.Debug Production|Win32.Build.0 = Debug|Win32
		{A4618A4D-4E48-D7BC-9728-DC7DD509169D}.Debug Production|x64.ActiveCfg = Debug|Win32
		{A4618A4D-4E48-D7BC-9728-DC7DD509169D}.Debug Test|Mixed Platforms.ActiveCfg = Debug|Win32
		{A4618A4D-4E48-D7BC-9728-DC7DD509169D}.Debug Test|Mixed Platforms.Build.0 = Debug|Win32
		{A4618A4D-4E48-D7BC-9728-DC7DD509169D}.Debug Test|Win32.ActiveCfg = Debug|Win32
		{A4618A4D-4E48-D7BC-9728-DC7DD509169D}.Debug Test|Win32.Build.0 = Debug|Win32
		{A4618A4D-4E48-D7BC-9728-DC7DD509169D}.Debug Test|x64.ActiveCfg = Debug|Win32
		{A4618A4D-4E48-D7BC-9728-DC7DD509169D}.Debug|Mixed Platforms.ActiveCfg = Debug|Win32
		{A4618A4D-4E48-D7BC-9728-DC7DD509169D}.Debug|Mixed Platforms.Build.0 = Debug|Win32
		{A4618A4D-4E48-D7BC-9728-DC7DD509169D}.Debug|Win32.ActiveCfg = Debug|Win32
		{A4618A4D-4E48-D7BC-9728-DC7DD509169D}.Debug|Win32.Build.0 = Debug|Win32
		{A4618A4D-4E48-D7BC-9728-DC7DD509169D}.Debug|x64.ActiveCfg = Debug|Win32
		{A4618A4D-4E48-D7BC-9728-DC7DD509169D}.Default|Mixed Platforms.ActiveCfg = Debug|Win32
		{A4618A4D-4E48-D7BC-9728-DC7DD509169D}.Default|Mixed Platforms.Build.0 = Debug|Win32
		{A4618A4D-4E48-D7BC-9728-DC7DD509169D}.Default|Win32.ActiveCfg = Debug|Win32
		{A4618A4D-4E48-D7BC-9728-DC7DD509169D}.Default|Win32.Build.0 = Debug|Win32
		{A4618A4D-4E48-D7BC-9728-DC7DD509169D}.Default|x64.ActiveCfg = Debug|Win32
		{A4618A4D-4E48-D7BC-9728-DC7DD509169D}.Release Production|Mixed Platforms.ActiveCfg = Release|Win32
		{A4618A4D-4E48-D7BC-9728-DC7DD509169D}.Release Production|Mixed Platforms.Build.0 = Release|Win32
		{A4618A4D-4E48-D7BC-9728-DC7DD509169D}.Release Production|Win32.ActiveCfg = Release|Win32
		{A4618A4D-4E48-D7BC-9728-DC7DD509169D}.Release Production|Win32.Build.0 = Release|Win32
		{A4618A4D-4E48-D7BC-9728-DC7DD509169D}.Release Production|x64.ActiveCfg = Release|Win32
		{A4618A4D-4E48-D7BC-9728-DC7DD509169D}.Release Test|Mixed Platforms.ActiveCfg = Release|Win32
		{A4618A4D-4E48-D7BC-9728-DC7DD509169D}.Release Test|Mixed Platforms.Build.0 = Release|Win32
		{A4618A4D-4E48-D7BC-9728-DC7DD509169D}.Release Test|Win32.ActiveCfg = Release|Win32
		{A4618A4D-4E48-D7BC-9728-DC7DD509169D}.Release Test|Win32.Build.0 = Release|Win32
		{A4618A4D-4E48-D7BC-9728-DC7DD509169D}.Release Test|x64.ActiveCfg = Release|Win32
		{A4618A4D-4E48-D7BC-9728-DC7DD509169D}.Release|Mixed Platforms.ActiveCfg = Release|Win32
		{A4618A4D-4E48-D7BC-9728-DC7DD509169D}.Release|Mixed Platforms.Build.0 = Release|Win32
		{A4618A4D-4E48-D7BC-9728-DC7DD509169D}.Release|Win32.ActiveCfg = Release|Win32
		{A4618A4D-4E48-D7BC-9728-DC7DD509169D}.Release|Win32.Build.0 = Release|Win32
		{A4618A4D-4E48-D7BC-9728-DC7DD509169D}.Release|x64.ActiveCfg = Release|Win32
		{FBB6CB62-DDEE-671E-D69F-37E0F0A1B214}.Debug Production|Mixed Platforms.ActiveCfg = Debug|Win32
		{FBB6CB62-DDEE-671E-D69F-37E0F0A1B214}.Debug Production|Mixed Platforms.Build.0 = Debug|Win32
		{FBB6CB62-DDEE-671E-D69F-37E0F0A1B214}.Debug Production|Win32.ActiveCfg = Debug|Win32
		{FBB6CB62-DDEE-671E-D69F-37E0F0A1B214}.Debug Production|Win32.Build.0 = Debug|Win32
		{FBB6CB62-DDEE-671E-D69F-37E0F0A1B214}.Debug Production|x64.ActiveCfg = Debug|Win32
		{FBB6CB62-DDEE-671E-D69F-37E0F0A1B214}.Debug Test|Mixed Platforms.ActiveCfg = Debug|Win32
		{FBB6CB62-DDEE-671E-D69F-37E0F0A1B214}.Debug Test|Mixed Platforms.Build.0 = Debug|Win32
		{FBB6CB62-DDEE-671E-D69F-37E0F0A1B214}.Debug Test|Win32.ActiveCfg = Debug|Win32
		{FBB6CB62-DDEE-671E-D69F-37E0F0A1B214}.Debug Test|Win32.Build.0 = Debug|Win32
		{FBB6CB62-DDEE-671E-D69F-37E0F0A1B214}.Debug Test|x64.ActiveCfg = Debug|Win32
		{FBB6CB62-DDEE-671E-D69F-37E0F0A1B214}.Debug|Mixed Platforms.ActiveCfg = Debug|Win32
		{FBB6CB62-DDEE-671E-D69F-37E0F0A1B214}.Debug|Mixed Platforms.Build.0 = Debug|Win32
		{FBB6CB62-DDEE-671E-D69F-37E0F0A1B214}.Debug|Win32.ActiveCfg = Debug|Win32
		{FBB6CB62-DDEE-671E-D69F-37E0F0A1B214}.Debug|Win32.Build.0 = Debug|Win32
		{FBB6CB62-DDEE-671E-D69F-37E0F0A1B214}.Debug|x64.ActiveCfg = Debug|Win32
		{FBB6CB62-DDEE-671E-D69F-37E0F0A1B214}.Default|Mixed Platforms.ActiveCfg = Debug|Win32
		{FBB6CB62-DDEE-671E-D69F-37E0F0A1B214}.Default|Mixed Platforms.Build.0 = Debug|Win32
		{FBB6CB62-DDEE-671E-D69F-37E0F0A1B214}.Default|Win32.ActiveCfg = Debug|Win32
		{FBB6CB62-DDEE-671E-D69F-37E0F0A1B214}.Default|Win32.Build.0 = Debug|Win32
		{FBB6CB62-DDEE-671E-D69F-37E0F0A1B214}.Default|x64.ActiveCfg = Debug|Win32
		{FBB6CB62-DDEE-671E-D69F-37E0F0A1B214}.Release Production|Mixed Platforms.ActiveCfg = Release|Win32
		{FBB6CB62-DDEE-671E-D69F-37E0F0A1B214}.Release Production|Mixed Platforms.Build.0 = Release|Win32
		{FBB6CB62-DDEE-671E-D69F-37E0F0A1B214}.Release Production|Win32.ActiveCfg = Release|Win32
		{FBB6CB62-DDEE-671E-D69F-37E0F0A1B214}.Release Production|Win32.Build.0 = Release|Win32
		{FBB6CB62-DDEE-671E-D69F-37E0F0A1B214}.Release Production|x64.ActiveCfg = Release|Win32
		{FBB6CB62-DDEE-671E-D69F-37E0F0A1B214}.Release Test|Mixed Platforms.ActiveCfg = Release|Win32
		{FBB6CB62-DDEE-671E-D69F-37E0F0A1B214}.Release Test|Mixed Platforms.Build.0 = Release|Win32
		{FBB6CB62-DDEE-671E-D69F-37E0F0A1B214}.Release Test|Win32.ActiveCfg = Release|Win32
		{FBB6CB62-DDEE-671E-D69F-37E0F0A1B214}.Release Test|Win32.Build.0 = Release|Win32
		{FBB6CB62-DDEE-671E-D69F-37E0F0A1B214}.Release Test|x64.ActiveCfg = Release|Win32
		{FBB6CB62-DDEE-671E-D69F-37E0F0A1B214}.Release|Mixed Platforms.ActiveCfg = Release|Win32
		{FBB6CB62-DDEE-671E-D69F-37E0F0A1B214}.Release|Mixed Platforms.Build.0 = Release|Win32
		{FBB6CB62-DDEE-671E-D69F-37E0F0A1B214}.Release|Win32.ActiveCfg = Release|Win32
		{FBB6CB62-DDEE-671E-D69F-37E0F0A1B214}.Release|Win32.Build.0 = Release|Win32
		{FBB6CB62-DDEE-671E-D69F-37E0F0A1B214}.Release|x64.ActiveCfg = Release|Win32
		{C782DF61-6EF9-0352-CB91-68298A8E12DB}.Debug Production|Mixed Platforms.ActiveCfg = Debug|Win32
		{C782DF61-6EF9-0352-CB91-68298A8E12DB}.Debug Production|Mixed Platforms.Build.0 = Debug|Win32
		{C782DF61-6EF9-0352-CB91-68298A8E12DB}.Debug Production|Win32.ActiveCfg = Debug|Win32
		{C782DF61-6EF9-0352-CB91-68298A8E12DB}.Debug Production|Win32.Build.0 = Debug|Win32
		{C782DF61-6EF9-0352-CB91-68298A8E12DB}.Debug Production|x64.ActiveCfg = Debug|Win32
		{C782DF61-6EF9-0352-CB91-68298A8E12DB}.Debug Test|Mixed Platforms.ActiveCfg = Debug|Win32
		{C782DF61-6EF9-0352-CB91-68298A8E12DB}.Debug Test|Mixed Platforms.Build.0 = Debug|Win32
		{C782DF61-6EF9-0352-CB91-68298A8E12DB}.Debug Test|Win32.ActiveCfg = Debug|Win32
		{C782DF61-6EF9-0352-CB91-68298A8E12DB}.Debug Test|Win32.Build.0 = Debug|Win32
		{C782DF61-6EF9-0352-CB91-68298A8E12DB}.Debug Test|x64.ActiveCfg = Debug|Win32
		{C782DF61-6EF9-0352-CB91-68298A8E12DB}.Debug|Mixed Platforms.ActiveCfg = Debug|Win32
		{C782DF61-6EF9-0352-CB91-68298A8E12DB}.Debug|Mixed Platforms.Build.0 = Debug|Win32
		{C782DF61-6EF9-0352-CB91-68298A8E12DB}.Debug|Win32.ActiveCfg = Debug|Win32
		{C782DF61-6EF9-0352-CB91-68298A8E12DB}.Debug|Win32.Build.0 = Debug|Win32
		{C782DF61-6EF9-0352-CB91-68298A8E12DB}.Debug|x64.ActiveCfg = Debug|Win32
		{C782DF61-6EF9-0352-CB91-68298A8E12DB}.Default|Mixed Platforms.ActiveCfg = Debug|Win32
		{C782DF61-6EF9-0352-CB91-68298A8E12DB}.Default|Mixed Platforms.Build.0 = Debug|Win32
		{C782DF61-6EF9-0352-CB91-68298A8E12DB}.Default|Win32.ActiveCfg = Debug|Win32
		{C782DF61-6EF9-0352-CB91-68298A8E12DB}.Default|Win32.Build.0 = Debug|Win32
		{C782DF61-6EF9-0352-CB91-68298A8E12DB}.Default|x64.ActiveCfg = Debug|Win32
		{C782DF61-6EF9-0352-CB91-68298A8E12DB}.Release Production|Mixed Platforms.ActiveCfg = Release|Win32
		{C782DF61-6EF9-0352-CB91-68298A8E12DB}.Release Production|Mixed Platforms.Build.0 = Release|Win32
		{C782DF61-6EF9-0352-CB91-68298A8E12DB}.Release Production|Win32.ActiveCfg = Release|Win32
		{C782DF61-6EF9-0352-CB91-68298A8E12DB}.Release Production|Win32.Build.0 = Release|Win32
		{C782DF61-6EF9-0352-CB91-68298A8E12DB}.Release Production|x64.ActiveCfg = Release|Win32
		{C782DF61-6EF9-0352-CB91-68298A8E12DB}.Release Test|Mixed Platforms.ActiveCfg = Release|Win32
		{C782DF61-6EF9-0352-CB91-68298A8E12DB}.Release Test|Mixed Platforms.Build.0 = Release|Win32
		{C782DF61-6EF9-0352-CB91-68298A8E12DB}.Release Test|Win32.ActiveCfg = Release|Win32
		{C782DF61-6EF9-0352-CB91-68298A8E12DB}.Release Test|Win32.Build.0 = Release|Win32
		{C782DF61-6EF9-0352-CB91-68298A8E12DB}.Release Test|x64.ActiveCfg = Release|Win32
		{C782DF61-6EF9-0352-CB91-68298A8E12DB}.Release|Mixed Platforms.ActiveCfg = Release|Win32
		{C782DF61-6EF9-0352-CB91-68298A8E12DB}.Release|Mixed Platforms.Build.0 = Release|Win32
		{C782DF61-6EF9-0352-CB91-68298A8E12DB}.Release|Win32.ActiveCfg = Release|Win32
		{C782DF61-6EF9-0352-CB91-68298A8E12DB}.Release|Win32.Build.0 = Release|Win32
		{C782DF61-6EF9-0352-CB91-68298A8E12DB}.Release|x64.ActiveCfg = Release|Win32
		{E5D7C55C-E71E-7F6D-1DCD-12FED2ADA6F2}.Debug Production|Mixed Platforms.ActiveCfg = Debug|Win32
		{E5D7C55C-E71E-7F6D-1DCD-12FED2ADA6F2}.Debug Production|Mixed Platforms.Build.0 = Debug|Win32
		{E5D7C55C-E71E-7F6D-1DCD-12FED2ADA6F2}.Debug Production|Win32.ActiveCfg = Debug|Win32
		{E5D7C55C-E71E-7F6D-1DCD-12FED2ADA6F2}.Debug Production|Win32.Build.0 = Debug|Win32
		{E5D7C55C-E71E-7F6D-1DCD-12FED2ADA6F2}.Debug Production|x64.ActiveCfg = Debug|Win32
		{E5D7C55C-E71E-7F6D-1DCD-12FED2ADA6F2}.Debug Test|Mixed Platforms.ActiveCfg = Debug|Win32
		{E5D7C55C-E71E-7F6D-1DCD-12FED2ADA6F2}.Debug Test|Mixed Platforms.Build.0 = Debug|Win32
		{E5D7C55C-E71E-7F6D-1DCD-12FED2ADA6F2}.Debug Test|Win32.ActiveCfg = Debug|Win32
		{E5D7C55C-E71E-7F6D-1DCD-12FED2ADA6F2}.Debug Test|Win32.Build.0 = Debug|Win32
		{E5D7C55C-E71E-7F6D-1DCD-12FED2ADA6F2}.Debug Test|x64.ActiveCfg = Debug|Win32
		{E5D7C55C-E71E-7F6D-1DCD-12FED2ADA6F2}.Debug|Mixed Platforms.ActiveCfg = Debug|Win32
		{E5D7C55C-E71E-7F6D-1DCD-12FED2ADA6F2}.Debug|Mixed Platforms.Build.0 = Debug|Win32
		{E5D7C55C-E71E-7F6D-1DCD-12FED2ADA6F2}.Debug|Win32.ActiveCfg = Debug|Win32
		{E5D7C55C-E71E-7F6D-1DCD-12FED2ADA6F2}.Debug|Win32.Build.0 = Debug|Win32
		{E5D7C55C-E71E-7F6D-1DCD-12FED2ADA6F2}.Debug|x64.ActiveCfg = Debug|Win32
		{E5D7C55C-E71E-7F6D-1DCD-12FED2ADA6F2}.Default|Mixed Platforms.ActiveCfg = Debug|Win32
		{E5D7C55C-E71E-7F6D-1DCD-12FED2ADA6F2}.Default|Mixed Platforms.Build.0 = Debug|Win32
		{E5D7C55C-E71E-7F6D-1DCD-12FED2ADA6F2}.Default|Win32.ActiveCfg = Debug|Win32
		{E5D7C55C-E71E-7F6D-1DCD-12FED2ADA6F2}.Default|Win32.Build.0 = Debug|Win32
		{E5D7C55C-E71E-7F6D-1DCD-12FED2ADA6F2}.Default|x64.ActiveCfg = Debug|Win32
		{E5D7C55C-E71E-7F6D-1DCD-12FED2ADA6F2}.Release Production|Mixed Platforms.ActiveCfg = Release|Win32
		{E5D7C55C-E71E-7F6D-1DCD-12FED2ADA6F2}.Release Production|Mixed Platforms.Build.0 = Release|Win32
		{E5D7C55C-E71E-7F6D-1DCD-12FED2ADA6F2}.Release Production|Win32.ActiveCfg = Release|Win32
		{E5D7C55C-E71E-7F6D-1DCD-12FED2ADA6F2}.Release Production|Win32.Build.0 = Release|Win32
		{E5D7C55C-E71E-7F6D-1DCD-12FED2ADA6F2}.Release Production|x64.ActiveCfg = Release|Win32
		{E5D7C55C-E71E-7F6D-1DCD-12FED2ADA6F2}.Release Test|Mixed Platforms.ActiveCfg = Release|Win32
		{E5D7C55C-E71E-7F6D-1DCD-12FED2ADA6F2}.Release Test|Mixed Platforms.Build.0 = Release|Win32
		{E5D7C55C-E71E-7F6D-1DCD-12FED2ADA6F2}.Release Test|Win32.ActiveCfg = Release|Win32
		{E5D7C55C-E71E-7F6D-1DCD-12FED2ADA6F2}.Release Test|Win32.Build.0 = Release|Win32
		{E5D7C55C-E71E-7F6D-1DCD-12FED2ADA6F2}.Release Test|x64.ActiveCfg = Release|Win32
		{E5D7C55C-E71E-7F6D-1DCD-12FED2ADA6F2}.Release|Mixed Platforms.ActiveCfg = Release|Win32
		{E5D7C55C-E71E-7F6D-1DCD-12FED2ADA6F2}.Release|Mixed Platforms.Build.0 = Release|Win32
		{E5D7C55C-E71E-7F6D-1DCD-12FED2ADA6F2}.Release|Win32.ActiveCfg = Release|Win32
		{E5D7C55C-E71E-7F6D-1DCD-12FED2ADA6F2}.Release|Win32.Build.0 = Release|Win32
		{E5D7C55C-E71E-7F6D-1DCD-12FED2ADA6F2}.Release|x64.ActiveCfg = Release|Win32
		{DAC49B24-4487-3D70-CC3A-AE9D17F525AE}.Debug Production|Mixed Platforms.ActiveCfg = Debug|Win32
		{DAC49B24-4487-3D70-CC3A-AE9D17F525AE}.Debug Production|Mixed Platforms.Build.0 = Debug|Win32
		{DAC49B24-4487-3D70-CC3A-AE9D17F525AE}.Debug Production|Win32.ActiveCfg = Debug|Win32
		{DAC49B24-4487-3D70-CC3A-AE9D17F525AE}.Debug Production|Win32.Build.0 = Debug|Win32
		{DAC49B24-4487-3D70-CC3A-AE9D17F525AE}.Debug Production|x64.ActiveCfg = Debug|Win32
		{DAC49B24-4487-3D70-CC3A-AE9D17F525AE}.Debug Test|Mixed Platforms.ActiveCfg = Debug|Win32
		{DAC49B24-4487-3D70-CC3A-AE9D17F525AE}.Debug Test|Mixed Platforms.Build.0 = Debug|Win32
		{DAC49B24-4487-3D70-CC3A-AE9D17F525AE}.Debug Test|Win32.ActiveCfg = Debug|Win32
		{DAC49B24-4487-3D70-CC3A-AE9D17F525AE}.Debug Test|Win32.Build.0 = Debug|Win32
		{DAC49B24-4487-3D70-CC3A-AE9D17F525AE}.Debug Test|x64.ActiveCfg = Debug|Win32
		{DAC49B24-4487-3D70-CC3A-AE9D17F525AE}.Debug|Mixed Platforms.ActiveCfg = Debug|Win32
		{DAC49B24-4487-3D70-CC3A-AE9D17F525AE}.Debug|Mixed Platforms.Build.0 = Debug|Win32
		{DAC49B24-4487-3D70-CC3A-AE9D17F525AE}.Debug|Win32.ActiveCfg = Debug|Win32
		{DAC49B24-4487-3D70-CC3A-AE9D17F525AE}.Debug|Win32.Build.0 = Debug|Win32
		{DAC49B24-4487-3D70-CC3A-AE9D17F525AE}.Debug|x64.ActiveCfg = Debug|Win32
		{DAC49B24-4487-3D70-CC3A-AE9D17F525AE}.Default|Mixed Platforms.ActiveCfg = Debug|Win32
		{DAC49B24-4487-3D70-CC3A-AE9D17F525AE}.Default|Mixed Platforms.Build.0 = Debug|Win32
		{DAC49B24-4487-3D70-CC3A-AE9D17F525AE}.Default|Win32.ActiveCfg = Debug|Win32
		{DAC49B24-4487-3D70-CC3A-AE9D17F525AE}.Default|Win32.Build.0 = Debug|Win32
		{DAC49B24-4487-3D70-CC3A-AE9D17F525AE}.Default|x64.ActiveCfg = Debug|Win32
		{DAC49B24-4487-3D70-CC3A-AE9D17F525AE}.Release Production|Mixed Platforms.ActiveCfg = Release|Win32
		{DAC49B24-4487-3D70-CC3A-AE9D17F525AE}.Release Production|Mixed Platforms.Build.0 = Release|Win32
		{DAC49B24-4487-3D70-CC3A-AE9D17F525AE}.Release Production|Win32.ActiveCfg = Release|Win32
		{DAC49B24-4487-3D70-CC3A-AE9D17F525AE}.Release Production|Win32.Build.0 = Release|Win32
		{DAC49B24-4487-3D70-CC3A-AE9D17F525AE}.Release Production|x64.ActiveCfg = Release|Win32
		{DAC49B24-4487-3D70-CC3A-AE9D17F525AE}.Release Test|Mixed Platforms.ActiveCfg = Release|Win32
		{DAC49B24-4487-3D70-CC3A-AE9D17F525AE}.Release Test|Mixed Platforms.Build.0 = Release|Win32
		{DAC49B24-4487-3D70-CC3A-AE9D17F525AE}.Release Test|Win32.ActiveCfg = Release|Win32
		{DAC49B24-4487-3D70-CC3A-AE9D17F525AE}.Release Test|Win32.Build.0 = Release|Win32
		{DAC49B24-4487-3D70-CC3A-AE9D17F525AE}.Release Test|x64.ActiveCfg = Release|Win32
		{DAC49B24-4487-3D70-CC3A-AE9D17F525AE}.Release|Mixed Platforms.ActiveCfg = Release|Win32
		{DAC49B24-4487-3D70-CC3A-AE9D17F525AE}.Release|Mixed Platforms.Build.0 = Release|Win32
		{DAC49B24-4487-3D70-CC3A-AE9D17F525AE}.Release|Win32.ActiveCfg = Release|Win32
		{DAC49B24-4487-3D70-CC3A-AE9D17F525AE}.Release|Win32.Build.0 = Release|Win32
		{DAC49B24-4487-3D70-CC3A-AE9D17F525AE}.Release|x64.ActiveCfg = Release|Win32
		{675D727D-F234-E4DD-20C1-85AAA5DF715B}.Debug Production|Mixed Platforms.ActiveCfg = Debug|Win32
		{675D727D-F234-E4DD-20C1-85AAA5DF715B}.Debug Production|Mixed Platforms.Build.0 = Debug|Win32
		{675D727D-F234-E4DD-20C1-85AAA5DF715B}.Debug Production|Win32.ActiveCfg = Debug|Win32
		{675D727D-F234-E4DD-20C1-85AAA5DF715B}.Debug Production|Win32.Build.0 = Debug|Win32
		{675D727D-F234-E4DD-20C1-85AAA5DF715B}.Debug Production|x64.ActiveCfg = Debug|Win32
		{675D727D-F234-E4DD-20C1-85AAA5DF715B}.Debug Test|Mixed Platforms.ActiveCfg = Debug|Win32
		{675D727D-F234-E4DD-20C1-85AAA5DF715B}.Debug Test|Mixed Platforms.Build.0 = Debug|Win32
		{675D727D-F234-E4DD-20C1-85AAA5DF715B}.Debug Test|Win32.ActiveCfg = Debug|Win32
		{675D727D-F234-E4DD-20C1-85AAA5DF715B}.Debug Test|Win32.Build.0 = Debug|Win32
		{675D727D-F234-E4DD-20C1-85AAA5DF715B}.Debug Test|x64.ActiveCfg = Debug|Win32
		{675D727D-F234-E4DD-20C1-85AAA5DF715B}.Debug|Mixed Platforms.ActiveCfg = Debug|Win32
		{675D727D-F234-E4DD-20C1-85AAA5DF715B}.Debug|Mixed Platforms.Build.0 = Debug|Win32
		{675D727D-F234-E4DD-20C1-85AAA5DF715B}.Debug|Win32.ActiveCfg = Debug|Win32
		{675D727D-F234-E4DD-20C1-85AAA5DF715B}.Debug|Win32.Build.0 = Debug|Win32
		{675D727D-F234-E4DD-20C1-85AAA5DF715B}.Debug|x64.ActiveCfg = Debug|Win32
		{675D727D-F234-E4DD-20C1-85AAA5DF715B}.Default|Mixed Platforms.ActiveCfg = Debug|Win32
		{675D727D-F234-E4DD-20C1-85AAA5DF715B}.Default|Mixed Platforms.Build.0 = Debug|Win32
		{675D727D-F234-E4DD-20C1-85AAA5DF715B}.Default|Win32.ActiveCfg = Debug|Win32
		{675D727D-F234-E4DD-20C1-85AAA5DF715B}.Default|Win32.Build.0 = Debug|Win32
		{675D727D-F234-E4DD-20C1-85AAA5DF715B}.Default|x64.ActiveCfg = Debug|Win32
		{675D727D-F234-E4DD-20C1-85AAA5DF715B}.Release Production|Mixed Platforms.ActiveCfg = Release|Win32
		{675D727D-F234-E4DD-20C1-85AAA5DF715B}.Release Production|Mixed Platforms.Build.0 = Release|Win32
		{675D727D-F234-E4DD-20C1-85AAA5DF715B}.Release Production|Win32.ActiveCfg = Release|Win32
		{675D727D-F234-E4DD-20C1-85AAA5DF715B}.Release Production|Win32.Build.0 = Release|Win32
		{675D727D-F234-E4DD-20C1-85AAA5DF715B}.Release Production|x64.ActiveCfg = Release|Win32
		{675D727D-F234-E4DD-20C1-85AAA5DF715B}.Release Test|Mixed Platforms.ActiveCfg = Release|Win32
		{675D727D-F234-E4DD-20C1-85AAA5DF715B}.Release Test|Mixed Platforms.Build.0 = Release|Win32
		{675D727D-F234-E4DD-20C1-85AAA5DF715B}.Release Test|Win32.ActiveCfg = Release|Win32
		{675D727D-F234-E4DD-20C1-85AAA5DF715B}.Release Test|Win32.Build.0 = Release|Win32
		{675D727D-F234-E4DD-20C1-85AAA5DF715B}.Release Test|x64.ActiveCfg = Release|Win32
		{675D727D-F234-E4DD-20C1-85AAA5DF715B}.Release|Mixed Platforms.ActiveCfg = Release|Win32
		{675D727D-F234-E4DD-20C1-85AAA5DF715B}.Release|Mixed Platforms.Build.0 = Release|Win32
		{675D727D-F234-E4DD-20C1-85AAA5DF715B}.Release|Win32.ActiveCfg = Release|Win32
		{675D727D-F234-E4DD-20C1-85AAA5DF715B}.Release|Win32.Build.0 = Release|Win32
		{675D727D-F234-E4DD-20C1-85AAA5DF715B}.Release|x64.ActiveCfg = Release|Win32
		{B8C5ABC4-2076-B368-19EB-531BAE26CEF1}.Debug Production|Mixed Platforms.ActiveCfg = Debug|Win32
		{B8C5ABC4-2076-B368-19EB-531BAE26CEF1}.Debug Production|Mixed Platforms.Build.0 = Debug|Win32
		{B8C5ABC4-2076-B368-19EB-531BAE26CEF1}.Debug Production|Win32.ActiveCfg = Debug|Win32
		{B8C5ABC4-2076-B368-19EB-531BAE26CEF1}.Debug Production|Win32.Build.0 = Debug|Win32
		{B8C5ABC4-2076-B368-19EB-531BAE26CEF1}.Debug Production|x64.ActiveCfg = Debug|Win32
		{B8C5ABC4-2076-B368-19EB-531BAE26CEF1}.Debug Test|Mixed Platforms.ActiveCfg = Debug|Win32
		{B8C5ABC4-2076-B368-19EB-531BAE26CEF1}.Debug Test|Mixed Platforms.Build.0 = Debug|Win32
		{B8C5ABC4-2076-B368-19EB-531BAE26CEF1}.Debug Test|Win32.ActiveCfg = Debug|Win32
		{B8C5ABC4-2076-B368-19EB-531BAE26CEF1}.Debug Test|Win32.Build.0 = Debug|Win32
		{B8C5ABC4-2076-B368-19EB-531BAE26CEF1}.Debug Test|x64.ActiveCfg = Debug|Win32
		{B8C5ABC4-2076-B368-19EB-531BAE26CEF1}.Debug|Mixed Platforms.ActiveCfg = Debug|Win32
		{B8C5ABC4-2076-B368-19EB-531BAE26CEF1}.Debug|Mixed Platforms.Build.0 = Debug|Win32
		{B8C5ABC4-2076-B368-19EB-531BAE26CEF1}.Debug|Win32.ActiveCfg = Debug|Win32
		{B8C5ABC4-2076-B368-19EB-531BAE26CEF1}.Debug|Win32.Build.0 = Debug|Win32
		{B8C5ABC4-2076-B368-19EB-531BAE26CEF1}.Debug|x64.ActiveCfg = Debug|Win32
		{B8C5ABC4-2076-B368-19EB-531BAE26CEF1}.Default|Mixed Platforms.ActiveCfg = Debug|Win32
		{B8C5ABC4-2076-B368-19EB-531BAE26CEF1}.Default|Mixed Platforms.Build.0 = Debug|Win32
		{B8C5ABC4-2076-B368-19EB-531BAE26CEF1}.Default|Win32.ActiveCfg = Debug|Win32
		{B8C5ABC4-2076-B368-19EB-531BAE26CEF1}.Default|Win32.Build.0 = Debug|Win32
		{B8C5ABC4-2076-B368-19EB-531BAE26CEF1}.Default|x64.ActiveCfg = Debug|Win32
		{B8C5ABC4-2076-B368-19EB-531BAE26CEF1}.Release Production|Mixed Platforms.ActiveCfg = Release|Win32
		{B8C5ABC4-2076-B368-19EB-531BAE26CEF1}.Release Production|Mixed Platforms.Build.0 = Release|Win32
		{B8C5ABC4-2076-B368-19EB-531BAE26CEF1}.Release Production|Win32.ActiveCfg = Release|Win32
		{B8C5ABC4-2076-B368-19EB-531BAE26CEF1}.Release Production|Win32.Build.0 = Release|Win32
		{B8C5ABC4-2076-B368-19EB-531BAE26CEF1}.Release Production|x64.ActiveCfg = Release|Win32
		{B8C5ABC4-2076-B368-19EB-531BAE26CEF1}.Release Test|Mixed Platforms.ActiveCfg = Release|Win32
		{B8C5ABC4-2076-B368-19EB-531BAE26CEF1}.Release Test|Mixed Platforms.Build.0 = Release|Win32
		{B8C5ABC4-2076-B368-19EB-531BAE26CEF1}.Release Test|Win32.ActiveCfg = Release|Win32
		{B8C5ABC4-2076-B368-19EB-531BAE26CEF1}.Release Test|Win32.Build.0 = Release|Win32
		{B8C5ABC4-2076-B368-19EB-531BAE26CEF1}.Release Test|x64.ActiveCfg = Release|Win32
		{B8C5ABC4-2076-B368-19EB-531BAE26CEF1}.Release|Mixed Platforms.ActiveCfg = Release|Win32
		{B8C5ABC4-2076-B368-19EB-531BAE26CEF1}.Release|Mixed Platforms.Build.0 = Release|Win32
		{B8C5ABC4-2076-B368-19EB-531BAE26CEF1}.Release|Win32.ActiveCfg = Release|Win32
		{B8C5ABC4-2076-B368-19EB-531BAE26CEF1}.Release|Win32.Build.0 = Release|Win32
		{B8C5ABC4-2076-B368-19EB-531BAE26CEF1}.Release|x64.ActiveCfg = Release|Win32
		{D869E7BF-86A6-5FAC-EE30-41B91E223897}.Debug Production|Mixed Platforms.ActiveCfg = Default|Win32
		{D869E7BF-86A6-5FAC-EE30-41B91E223897}.Debug Production|Mixed Platforms.Build.0 = Default|Win32
		{D869E7BF-86A6-5FAC-EE30-41B91E223897}.Debug Production|Win32.ActiveCfg = Default|Win32
		{D869E7BF-86A6-5FAC-EE30-41B91E223897}.Debug Production|Win32.Build.0 = Default|Win32
		{D869E7BF-86A6-5FAC-EE30-41B91E223897}.Debug Production|x64.ActiveCfg = Default|Win32
		{D869E7BF-86A6-5FAC-EE30-41B91E223897}.Debug Test|Mixed Platforms.ActiveCfg = Default|Win32
		{D869E7BF-86A6-5FAC-EE30-41B91E223897}.Debug Test|Mixed Platforms.Build.0 = Default|Win32
		{D869E7BF-86A6-5FAC-EE30-41B91E223897}.Debug Test|Win32.ActiveCfg = Default|Win32
		{D869E7BF-86A6-5FAC-EE30-41B91E223897}.Debug Test|Win32.Build.0 = Default|Win32
		{D869E7BF-86A6-5FAC-EE30-41B91E223897}.Debug Test|x64.ActiveCfg = Default|Win32
		{D869E7BF-86A6-5FAC-EE30-41B91E223897}.Debug|Mixed Platforms.ActiveCfg = Default|Win32
		{D869E7BF-86A6-5FAC-EE30-41B91E223897}.Debug|Mixed Platforms.Build.0 = Default|Win32
		{D869E7BF-86A6-5FAC-EE30-41B91E223897}.Debug|Win32.ActiveCfg = Default|Win32
		{D869E7BF-86A6-5FAC-EE30-41B91E223897}.Debug|Win32.Build.0 = Default|Win32
		{D869E7BF-86A6-5FAC-EE30-41B91E223897}.Debug|x64.ActiveCfg = Default|Win32
		{D869E7BF-86A6-5FAC-EE30-41B91E223897}.Default|Mixed Platforms.ActiveCfg = Default|Win32
		{D869E7BF-86A6-5FAC-EE30-41B91E223897}.Default|Mixed Platforms.Build.0 = Default|Win32
		{D869E7BF-86A6-5FAC-EE30-41B91E223897}.Default|Win32.ActiveCfg = Default|Win32
		{D869E7BF-86A6-5FAC-EE30-41B91E223897}.Default|Win32.Build.0 = Default|Win32
		{D869E7BF-86A6-5FAC-EE30-41B91E223897}.Default|x64.ActiveCfg = Default|Win32
		{D869E7BF-86A6-5FAC-EE30-41B91E223897}.Release Production|Mixed Platforms.ActiveCfg = Default|Win32
		{D869E7BF-86A6-5FAC-EE30-41B91E223897}.Release Production|Mixed Platforms.Build.0 = Default|Win32
		{D869E7BF-86A6-5FAC-EE30-41B91E223897}.Release Production|Win32.ActiveCfg = Default|Win32
		{D869E7BF-86A6-5FAC-EE30-41B91E223897}.Release Production|Win32.Build.0 = Default|Win32
		{D869E7BF-86A6-5FAC-EE30-41B91E223897}.Release Production|x64.ActiveCfg = Default|Win32
		{D869E7BF-86A6-5FAC-EE30-41B91E223897}.Release Test|Mixed Platforms.ActiveCfg = Default|Win32
		{D869E7BF-86A6-5FAC-EE30-41B91E223897}.Release Test|Mixed Platforms.Build.0 = Default|Win32
		{D869E7BF-86A6-5FAC-EE30-41B91E223897}.Release Test|Win32.ActiveCfg = Default|Win32
		{D869E7BF-86A6-5FAC-EE30-41B91E223897}.Release Test|Win32.Build.0 = Default|Win32
		{D869E7BF-86A6-5FAC-EE30-41B91E223897}.Release Test|x64.ActiveCfg = Default|Win32
		{D869E7BF-86A6-5FAC-EE30-41B91E223897}.Release|Mixed Platforms.ActiveCfg = Default|Win32
		{D869E7BF-86A6-5FAC-EE30-41B91E223897}.Release|Mixed Platforms.Build.0 = Default|Win32
		{D869E7BF-86A6-5FAC-EE30-41B91E223897}.Release|Win32.ActiveCfg = Default|Win32
		{D869E7BF-86A6-5FAC-EE30-41B91E223897}.Release|Win32.Build.0 = Default|Win32
		{D869E7BF-86A6-5FAC-EE30-41B91E223897}.Release|x64.ActiveCfg = Default|Win32
		{D10157DF-21E8-459F-E3B2-5DCDCFCEC03E}.Debug Production|Mixed Platforms.ActiveCfg = Default|Win32
		{D10157DF-21E8-459F-E3B2-5DCDCFCEC03E}.Debug Production|Mixed Platforms.Build.0 = Default|Win32
		{D10157DF-21E8-459F-E3B2-5DCDCFCEC03E}.Debug Production|Win32.ActiveCfg = Default|Win32
		{D10157DF-21E8-459F-E3B2-5DCDCFCEC03E}.Debug Production|Win32.Build.0 = Default|Win32
		{D10157DF-21E8-459F-E3B2-5DCDCFCEC03E}.Debug Production|x64.ActiveCfg = Default|Win32
		{D10157DF-21E8-459F-E3B2-5DCDCFCEC03E}.Debug Test|Mixed Platforms.ActiveCfg = Default|Win32
		{D10157DF-21E8-459F-E3B2-5DCDCFCEC03E}.Debug Test|Mixed Platforms.Build.0 = Default|Win32
		{D10157DF-21E8-459F-E3B2-5DCDCFCEC03E}.Debug Test|Win32.ActiveCfg = Default|Win32
		{D10157DF-21E8-459F-E3B2-5DCDCFCEC03E}.Debug Test|Win32.Build.0 = Default|Win32
		{D10157DF-21E8-459F-E3B2-5DCDCFCEC03E}.Debug Test|x64.ActiveCfg = Default|Win32
		{D10157DF-21E8-459F-E3B2-5DCDCFCEC03E}.Debug|Mixed Platforms.ActiveCfg = Default|Win32
		{D10157DF-21E8-459F-E3B2-5DCDCFCEC03E}.Debug|Mixed Platforms.Build.0 = Default|Win32
		{D10157DF-21E8-459F-E3B2-5DCDCFCEC03E}.Debug|Win32.ActiveCfg = Default|Win32
		{D10157DF-21E8-459F-E3B2-5DCDCFCEC03E}.Debug|Win32.Build.0 = Default|Win32
		{D10157DF-21E8-459F-E3B2-5DCDCFCEC03E}.Debug|x64.ActiveCfg = Default|Win32
		{D10157DF-21E8-459F-E3B2-5DCDCFCEC03E}.Default|Mixed Platforms.ActiveCfg = Default|Win32
		{D10157DF-21E8-459F-E3B2-5DCDCFCEC03E}.Default|Mixed Platforms.Build.0 = Default|Win32
		{D10157DF-21E8-459F-E3B2-5DCDCFCEC03E}.Default|Win32.ActiveCfg = Default|Win32
		{D10157DF-21E8-459F-E3B2-5DCDCFCEC03E}.Default|Win32.Build.0 = Default|Win32
		{D10157DF-21E8-459F-E3B2-5DCDCFCEC03E}.Default|x64.ActiveCfg = Default|Win32
		{D10157DF-21E8-459F-E3B2-5DCDCFCEC03E}.Release Production|Mixed Platforms.ActiveCfg = Default|Win32
		{D10157DF-21E8-459F-E3B2-5DCDCFCEC03E}.Release Production|Mixed Platforms.Build.0 = Default|Win32
		{D10157DF-21E8-459F-E3B2-5DCDCFCEC03E}.Release Production|Win32.ActiveCfg = Default|Win32
		{D10157DF-21E8-459F-E3B2-5DCDCFCEC03E}.Release Production|Win32.Build.0 = Default|Win32
		{D10157DF-21E8-459F-E3B2-5DCDCFCEC03E}.Release Production|x64.ActiveCfg = Default|Win32
		{D10157DF-21E8-459F-E3B2-5DCDCFCEC03E}.Release Test|Mixed Platforms.ActiveCfg = Default|Win32
		{D10157DF-21E8-459F-E3B2-5DCDCFCEC03E}.Release Test|Mixed Platforms.Build.0 = Default|Win32
		{D10157DF-21E8-459F-E3B2-5DCDCFCEC03E}.Release Test|Win32.ActiveCfg = Default|Win32
		{D10157DF-21E8-459F-E3B2-5DCDCFCEC03E}.Release Test|Win32.Build.0 = Default|Win32
		{D10157DF-21E8-459F-E3B2-5DCDCFCEC03E}.Release Test|x64.ActiveCfg = Default|Win32
		{D10157DF-21E8-459F-E3B2-5DCDCFCEC03E}.Release|Mixed Platforms.ActiveCfg = Default|Win32
		{D10157DF-21E8-459F-E3B2-5DCDCFCEC03E}.Release|Mixed Platforms.Build.0 = Default|Win32
		{D10157DF-21E8-459F-E3B2-5DCDCFCEC03E}.Release|Win32.ActiveCfg = Default|Win32
		{D10157DF-21E8-459F-E3B2-5DCDCFCEC03E}.Release|Win32.Build.0 = Default|Win32
		{D10157DF-21E8-459F-E3B2-5DCDCFCEC03E}.Release|x64.ActiveCfg = Default|Win32
		{C7A34BAE-71B0-7ABD-0AA5-19B8A1B9AB2F}.Debug Production|Mixed Platforms.ActiveCfg = Debug|Win32
		{C7A34BAE-71B0-7ABD-0AA5-19B8A1B9AB2F}.Debug Production|Mixed Platforms.Build.0 = Debug|Win32
		{C7A34BAE-71B0-7ABD-0AA5-19B8A1B9AB2F}.Debug Production|Win32.ActiveCfg = Debug|Win32
		{C7A34BAE-71B0-7ABD-0AA5-19B8A1B9AB2F}.Debug Production|Win32.Build.0 = Debug|Win32
		{C7A34BAE-71B0-7ABD-0AA5-19B8A1B9AB2F}.Debug Production|x64.ActiveCfg = Debug|Win32
		{C7A34BAE-71B0-7ABD-0AA5-19B8A1B9AB2F}.Debug Test|Mixed Platforms.ActiveCfg = Debug|Win32
		{C7A34BAE-71B0-7ABD-0AA5-19B8A1B9AB2F}.Debug Test|Mixed Platforms.Build.0 = Debug|Win32
		{C7A34BAE-71B0-7ABD-0AA5-19B8A1B9AB2F}.Debug Test|Win32.ActiveCfg = Debug|Win32
		{C7A34BAE-71B0-7ABD-0AA5-19B8A1B9AB2F}.Debug Test|Win32.Build.0 = Debug|Win32
		{C7A34BAE-71B0-7ABD-0AA5-19B8A1B9AB2F}.Debug Test|x64.ActiveCfg = Debug|Win32
		{C7A34BAE-71B0-7ABD-0AA5-19B8A1B9AB2F}.Debug|Mixed Platforms.ActiveCfg = Debug|Win32
		{C7A34BAE-71B0-7ABD-0AA5-19B8A1B9AB2F}.Debug|Mixed Platforms.Build.0 = Debug|Win32
		{C7A34BAE-71B0-7ABD-0AA5-19B8A1B9AB2F}.Debug|Win32.ActiveCfg = Debug|Win32
		{C7A34BAE-71B0-7ABD-0AA5-19B8A1B9AB2F}.Debug|Win32.Build.0 = Debug|Win32
		{C7A34BAE-71B0-7ABD-0AA5-19B8A1B9AB2F}.Debug|x64.ActiveCfg = Debug|Win32
		{C7A34BAE-71B0-7ABD-0AA5-19B8A1B9AB2F}.Default|Mixed Platforms.ActiveCfg = Debug|Win32
		{C7A34BAE-71B0-7ABD-0AA5-19B8A1B9AB2F}.Default|Mixed Platforms.Build.0 = Debug|Win32
		{C7A34BAE-71B0-7ABD-0AA5-19B8A1B9AB2F}.Default|Win32.ActiveCfg = Debug|Win32
		{C7A34BAE-71B0-7ABD-0AA5-19B8A1B9AB2F}.Default|Win32.Build.0 = Debug|Win32
		{C7A34BAE-71B0-7ABD-0AA5-19B8A1B9AB2F}.Default|x64.ActiveCfg = Debug|Win32
		{C7A34BAE-71B0-7ABD-0AA5-19B8A1B9AB2F}.Release Production|Mixed Platforms.ActiveCfg = Release|Win32
		{C7A34BAE-71B0-7ABD-0AA5-19B8A1B9AB2F}.Release Production|Mixed Platforms.Build.0 = Release|Win32
		{C7A34BAE-71B0-7ABD-0AA5-19B8A1B9AB2F}.Release Production|Win32.ActiveCfg = Release|Win32
		{C7A34BAE-71B0-7ABD-0AA5-19B8A1B9AB2F}.Release Production|Win32.Build.0 = Release|Win32
		{C7A34BAE-71B0-7ABD-0AA5-19B8A1B9AB2F}.Release Production|x64.ActiveCfg = Release|Win32
		{C7A34BAE-71B0-7ABD-0AA5-19B8A1B9AB2F}.Release Test|Mixed Platforms.ActiveCfg = Release|Win32
		{C7A34BAE-71B0-7ABD-0AA5-19B8A1B9AB2F}.Release Test|Mixed Platforms.Build.0 = Release|Win32
		{C7A34BAE-71B0-7ABD-0AA5-19B8A1B9AB2F}.Release Test|Win32.ActiveCfg = Release|Win32
		{C7A34BAE-71B0-7ABD-0AA5-19B8A1B9AB2F}.Release Test|Win32.Build.0 = Release|Win32
		{C7A34BAE-71B0-7ABD-0AA5-19B8A1B9AB2F}.Release Test|x64.ActiveCfg = Release|Win32
		{C7A34BAE-71B0-7ABD-0AA5-19B8A1B9AB2F}.Release|Mixed Platforms.ActiveCfg = Release|Win32
		{C7A34BAE-71B0-7ABD-0AA5-19B8A1B9AB2F}.Release|Mixed Platforms.Build.0 = Release|Win32
		{C7A34BAE-71B0-7ABD-0AA5-19B8A1B9AB2F}.Release|Win32.ActiveCfg = Release|Win32
		{C7A34BAE-71B0-7ABD-0AA5-19B8A1B9AB2F}.Release|Win32.Build.0 = Release|Win32
		{C7A34BAE-71B0-7ABD-0AA5-19B8A1B9AB2F}.Release|x64.ActiveCfg = Release|Win32
		{E60284DC-2131-D9A9-D19C-B792B7F5F727}.Debug Production|Mixed Platforms.ActiveCfg = Debug|Win32
		{E60284DC-2131-D9A9-D19C-B792B7F5F727}.Debug Production|Mixed Platforms.Build.0 = Debug|Win32
		{E60284DC-2131-D9A9-D19C-B792B7F5F727}.Debug Production|Win32.ActiveCfg = Debug|Win32
		{E60284DC-2131-D9A9-D19C-B792B7F5F727}.Debug Production|Win32.Build.0 = Debug|Win32
		{E60284DC-2131-D9A9-D19C-B792B7F5F727}.Debug Production|x64.ActiveCfg = Debug|Win32
		{E60284DC-2131-D9A9-D19C-B792B7F5F727}.Debug Test|Mixed Platforms.ActiveCfg = Debug|Win32
		{E60284DC-2131-D9A9-D19C-B792B7F5F727}.Debug Test|Mixed Platforms.Build.0 = Debug|Win32
		{E60284DC-2131-D9A9-D19C-B792B7F5F727}.Debug Test|Win32.ActiveCfg = Debug|Win32
		{E60284DC-2131-D9A9-D19C-B792B7F5F727}.Debug Test|Win32.Build.0 = Debug|Win32
		{E60284DC-2131-D9A9-D19C-B792B7F5F727}.Debug Test|x64.ActiveCfg = Debug|Win32
		{E60284DC-2131-D9A9-D19C-B792B7F5F727}.Debug|Mixed Platforms.ActiveCfg = Debug|Win32
		{E60284DC-2131-D9A9-D19C-B792B7F5F727}.Debug|Mixed Platforms.Build.0 = Debug|Win32
		{E60284DC-2131-D9A9-D19C-B792B7F5F727}.Debug|Win32.ActiveCfg = Debug|Win32
		{E60284DC-2131-D9A9-D19C-B792B7F5F727}.Debug|Win32.Build.0 = Debug|Win32
		{E60284DC-2131-D9A9-D19C-B792B7F5F727}.Debug|x64.ActiveCfg = Debug|Win32
		{E60284DC-2131-D9A9-D19C-B792B7F5F727}.Default|Mixed Platforms.ActiveCfg = Debug|Win32
		{E60284DC-2131-D9A9-D19C-B792B7F5F727}.Default|Mixed Platforms.Build.0 = Debug|Win32
		{E60284DC-2131-D9A9-D19C-B792B7F5F727}.Default|Win32.ActiveCfg = Debug|Win32
		{E60284DC-2131-D9A9-D19C-B792B7F5F727}.Default|Win32.Build.0 = Debug|Win32
		{E60284DC-2131-D9A9-D19C-B792B7F5F727}.Default|x64.ActiveCfg = Debug|Win32
		{E60284DC-2131-D9A9-D19C-B792B7F5F727}.Release Production|Mixed Platforms.ActiveCfg = Release|Win32
		{E60284DC-2131-D9A9-D19C-B792B7F5F727}.Release Production|Mixed Platforms.Build.0 = Release|Win32
		{E60284DC-2131-D9A9-D19C-B792B7F5F727}.Release Production|Win32.ActiveCfg = Release|Win32
		{E60284DC-2131-D9A9-D19C-B792B7F5F727}.Release Production|Win32.Build.0 = Release|Win32
		{E60284DC-2131-D9A9-D19C-B792B7F5F727}.Release Production|x64.ActiveCfg = Release|Win32
		{E60284DC-2131-D9A9-D19C-B792B7F5F727}.Release Test|Mixed Platforms.ActiveCfg = Release|Win32
		{E60284DC-2131-D9A9-D19C-B792B7F5F727}.Release Test|Mixed Platforms.Build.0 = Release|Win32
		{E60284DC-2131-D9A9-D19C-B792B7F5F727}.Release Test|Win32.ActiveCfg = Release|Win32
		{E60284DC-2131-D9A9-D19C-B792B7F5F727}.Release Test|Win32.Build.0 = Release|Win32
		{E60284DC-2131-D9A9-D19C-B792B7F5F727}.Release Test|x64.ActiveCfg = Release|Win32
		{E60284DC-2131-D9A9-D19C-B792B7F5F727}.Release|Mixed Platforms.ActiveCfg = Release|Win32
		{E60284DC-2131-D9A9-D19C-B792B7F5F727}.Release|Mixed Platforms.Build.0 = Release|Win32
		{E60284DC-2131-D9A9-D19C-B792B7F5F727}.Release|Win32.ActiveCfg = Release|Win32
		{E60284DC-2131-D9A9-D19C-B792B7F5F727}.Release|Win32.Build.0 = Release|Win32
		{E60284DC-2131-D9A9-D19C-B792B7F5F727}.Release|x64.ActiveCfg = Release|Win32
	EndGlobalSection
	GlobalSection(SolutionProperties) = preSolution
		HideSolutionNode = FALSE
	EndGlobalSection
EndGlobal
