Microsoft Visual Studio Solution File, Format Version 10.00
# Visual Studio 2008
Project("{8BC9CEB8-8B4A-11D0-8D11-00A0C91BC942}") = "SimpleAdblock", "AdBlocker\AdBlocker.vcproj", "{24AAF1A9-ACC0-4BEB-B781-084734D939B5}"
EndProject
Project("{8BC9CEB8-8B4A-11D0-8D11-00A0C91BC942}") = "FilterTest", "FilterTest\FilterTest.vcproj", "{EF21E84C-212A-4C90-B2D9-F6E8C44B2ECC}"
EndProject
Project("{8BC9CEB8-8B4A-11D0-8D11-00A0C91BC942}") = "DownloadHelper", "DownloadHelper\DownloadHelper.vcproj", "{2F38E4BB-2A84-471B-B69C-7F215E7A8756}"
EndProject
Project("{8BC9CEB8-8B4A-11D0-8D11-00A0C91BC942}") = "DownloadHelperApp", "DownloadHelperApp\DownloadHelperApp.vcproj", "{A0D0C2EE-9F9B-4B4B-A805-75129776B13C}"
EndProject
Global
	GlobalSection(SolutionConfigurationPlatforms) = preSolution
		Debug Production|Any CPU = Debug Production|Any CPU
		Debug Production|Mixed Platforms = Debug Production|Mixed Platforms
		Debug Production|Win32 = Debug Production|Win32
		Debug Test|Any CPU = Debug Test|Any CPU
		Debug Test|Mixed Platforms = Debug Test|Mixed Platforms
		Debug Test|Win32 = Debug Test|Win32
		Release Production|Any CPU = Release Production|Any CPU
		Release Production|Mixed Platforms = Release Production|Mixed Platforms
		Release Production|Win32 = Release Production|Win32
		Release Test|Any CPU = Release Test|Any CPU
		Release Test|Mixed Platforms = Release Test|Mixed Platforms
		Release Test|Win32 = Release Test|Win32
	EndGlobalSection
	GlobalSection(ProjectConfigurationPlatforms) = postSolution
		{24AAF1A9-ACC0-4BEB-B781-084734D939B5}.Debug Production|Any CPU.ActiveCfg = Debug Production|Win32
		{24AAF1A9-ACC0-4BEB-B781-084734D939B5}.Debug Production|Mixed Platforms.ActiveCfg = Debug Production|Win32
		{24AAF1A9-ACC0-4BEB-B781-084734D939B5}.Debug Production|Mixed Platforms.Build.0 = Debug Production|Win32
		{24AAF1A9-ACC0-4BEB-B781-084734D939B5}.Debug Production|Win32.ActiveCfg = Debug Production|Win32
		{24AAF1A9-ACC0-4BEB-B781-084734D939B5}.Debug Production|Win32.Build.0 = Debug Production|Win32
		{24AAF1A9-ACC0-4BEB-B781-084734D939B5}.Debug Test|Any CPU.ActiveCfg = Debug Test|Win32
		{24AAF1A9-ACC0-4BEB-B781-084734D939B5}.Debug Test|Mixed Platforms.ActiveCfg = Debug Test|Win32
		{24AAF1A9-ACC0-4BEB-B781-084734D939B5}.Debug Test|Win32.ActiveCfg = Debug Test|Win32
		{24AAF1A9-ACC0-4BEB-B781-084734D939B5}.Debug Test|Win32.Build.0 = Debug Test|Win32
		{24AAF1A9-ACC0-4BEB-B781-084734D939B5}.Release Production|Any CPU.ActiveCfg = Release Production|Win32
		{24AAF1A9-ACC0-4BEB-B781-084734D939B5}.Release Production|Mixed Platforms.ActiveCfg = Release Production|Win32
		{24AAF1A9-ACC0-4BEB-B781-084734D939B5}.Release Production|Mixed Platforms.Build.0 = Release Production|Win32
		{24AAF1A9-ACC0-4BEB-B781-084734D939B5}.Release Production|Win32.ActiveCfg = Release Production|Win32
		{24AAF1A9-ACC0-4BEB-B781-084734D939B5}.Release Production|Win32.Build.0 = Release Production|Win32
		{24AAF1A9-ACC0-4BEB-B781-084734D939B5}.Release Test|Any CPU.ActiveCfg = Release Test|Win32
		{24AAF1A9-ACC0-4BEB-B781-084734D939B5}.Release Test|Mixed Platforms.ActiveCfg = Release Test|Win32
		{24AAF1A9-ACC0-4BEB-B781-084734D939B5}.Release Test|Mixed Platforms.Build.0 = Release Test|Win32
		{24AAF1A9-ACC0-4BEB-B781-084734D939B5}.Release Test|Win32.ActiveCfg = Release Test|Win32
		{24AAF1A9-ACC0-4BEB-B781-084734D939B5}.Release Test|Win32.Build.0 = Release Test|Win32
		{EF21E84C-212A-4C90-B2D9-F6E8C44B2ECC}.Debug Production|Any CPU.ActiveCfg = Debug|Win32
		{EF21E84C-212A-4C90-B2D9-F6E8C44B2ECC}.Debug Production|Mixed Platforms.ActiveCfg = Debug|Win32
		{EF21E84C-212A-4C90-B2D9-F6E8C44B2ECC}.Debug Production|Mixed Platforms.Build.0 = Debug|Win32
		{EF21E84C-212A-4C90-B2D9-F6E8C44B2ECC}.Debug Production|Win32.ActiveCfg = Debug|Win32
		{EF21E84C-212A-4C90-B2D9-F6E8C44B2ECC}.Debug Production|Win32.Build.0 = Debug|Win32
		{EF21E84C-212A-4C90-B2D9-F6E8C44B2ECC}.Debug Test|Any CPU.ActiveCfg = Debug|Win32
		{EF21E84C-212A-4C90-B2D9-F6E8C44B2ECC}.Debug Test|Mixed Platforms.ActiveCfg = Debug|Win32
		{EF21E84C-212A-4C90-B2D9-F6E8C44B2ECC}.Debug Test|Win32.ActiveCfg = Debug|Win32
		{EF21E84C-212A-4C90-B2D9-F6E8C44B2ECC}.Release Production|Any CPU.ActiveCfg = Release|Win32
		{EF21E84C-212A-4C90-B2D9-F6E8C44B2ECC}.Release Production|Mixed Platforms.ActiveCfg = Release|Win32
		{EF21E84C-212A-4C90-B2D9-F6E8C44B2ECC}.Release Production|Win32.ActiveCfg = Release|Win32
		{EF21E84C-212A-4C90-B2D9-F6E8C44B2ECC}.Release Production|Win32.Build.0 = Release|Win32
		{EF21E84C-212A-4C90-B2D9-F6E8C44B2ECC}.Release Test|Any CPU.ActiveCfg = Release|Win32
		{EF21E84C-212A-4C90-B2D9-F6E8C44B2ECC}.Release Test|Mixed Platforms.ActiveCfg = Release|Win32
		{EF21E84C-212A-4C90-B2D9-F6E8C44B2ECC}.Release Test|Win32.ActiveCfg = Release|Win32
		{EF21E84C-212A-4C90-B2D9-F6E8C44B2ECC}.Release Test|Win32.Build.0 = Release|Win32
		{2F38E4BB-2A84-471B-B69C-7F215E7A8756}.Debug Production|Any CPU.ActiveCfg = Debug Production|Win32
		{2F38E4BB-2A84-471B-B69C-7F215E7A8756}.Debug Production|Mixed Platforms.ActiveCfg = Debug Production|Win32
		{2F38E4BB-2A84-471B-B69C-7F215E7A8756}.Debug Production|Mixed Platforms.Build.0 = Debug Production|Win32
		{2F38E4BB-2A84-471B-B69C-7F215E7A8756}.Debug Production|Win32.ActiveCfg = Debug Production|Win32
		{2F38E4BB-2A84-471B-B69C-7F215E7A8756}.Debug Production|Win32.Build.0 = Debug Production|Win32
		{2F38E4BB-2A84-471B-B69C-7F215E7A8756}.Debug Test|Any CPU.ActiveCfg = Debug Test|Win32
		{2F38E4BB-2A84-471B-B69C-7F215E7A8756}.Debug Test|Any CPU.Build.0 = Debug Test|Win32
		{2F38E4BB-2A84-471B-B69C-7F215E7A8756}.Debug Test|Mixed Platforms.ActiveCfg = Debug Test|Win32
		{2F38E4BB-2A84-471B-B69C-7F215E7A8756}.Debug Test|Mixed Platforms.Build.0 = Debug Test|Win32
		{2F38E4BB-2A84-471B-B69C-7F215E7A8756}.Debug Test|Win32.ActiveCfg = Debug Test|Win32
		{2F38E4BB-2A84-471B-B69C-7F215E7A8756}.Debug Test|Win32.Build.0 = Debug Test|Win32
		{2F38E4BB-2A84-471B-B69C-7F215E7A8756}.Release Production|Any CPU.ActiveCfg = Release Production|Win32
		{2F38E4BB-2A84-471B-B69C-7F215E7A8756}.Release Production|Mixed Platforms.ActiveCfg = Release Production|Win32
		{2F38E4BB-2A84-471B-B69C-7F215E7A8756}.Release Production|Mixed Platforms.Build.0 = Release Production|Win32
		{2F38E4BB-2A84-471B-B69C-7F215E7A8756}.Release Production|Win32.ActiveCfg = Release Production|Win32
		{2F38E4BB-2A84-471B-B69C-7F215E7A8756}.Release Production|Win32.Build.0 = Release Production|Win32
		{2F38E4BB-2A84-471B-B69C-7F215E7A8756}.Release Test|Any CPU.ActiveCfg = Release Test|Win32
		{2F38E4BB-2A84-471B-B69C-7F215E7A8756}.Release Test|Mixed Platforms.ActiveCfg = Release Test|Win32
		{2F38E4BB-2A84-471B-B69C-7F215E7A8756}.Release Test|Mixed Platforms.Build.0 = Release Test|Win32
		{2F38E4BB-2A84-471B-B69C-7F215E7A8756}.Release Test|Win32.ActiveCfg = Release Test|Win32
		{2F38E4BB-2A84-471B-B69C-7F215E7A8756}.Release Test|Win32.Build.0 = Release Test|Win32
		{A0D0C2EE-9F9B-4B4B-A805-75129776B13C}.Debug Production|Any CPU.ActiveCfg = Debug|Win32
		{A0D0C2EE-9F9B-4B4B-A805-75129776B13C}.Debug Production|Mixed Platforms.ActiveCfg = Debug|Win32
		{A0D0C2EE-9F9B-4B4B-A805-75129776B13C}.Debug Production|Mixed Platforms.Build.0 = Debug|Win32
		{A0D0C2EE-9F9B-4B4B-A805-75129776B13C}.Debug Production|Win32.ActiveCfg = Debug|Win32
		{A0D0C2EE-9F9B-4B4B-A805-75129776B13C}.Debug Production|Win32.Build.0 = Debug|Win32
		{A0D0C2EE-9F9B-4B4B-A805-75129776B13C}.Debug Test|Any CPU.ActiveCfg = Debug Test|Win32
		{A0D0C2EE-9F9B-4B4B-A805-75129776B13C}.Debug Test|Any CPU.Build.0 = Debug Test|Win32
		{A0D0C2EE-9F9B-4B4B-A805-75129776B13C}.Debug Test|Mixed Platforms.ActiveCfg = Debug Test|Win32
		{A0D0C2EE-9F9B-4B4B-A805-75129776B13C}.Debug Test|Mixed Platforms.Build.0 = Debug Test|Win32
		{A0D0C2EE-9F9B-4B4B-A805-75129776B13C}.Debug Test|Win32.ActiveCfg = Debug|Win32
		{A0D0C2EE-9F9B-4B4B-A805-75129776B13C}.Debug Test|Win32.Build.0 = Debug|Win32
		{A0D0C2EE-9F9B-4B4B-A805-75129776B13C}.Release Production|Any CPU.ActiveCfg = Release|Win32
		{A0D0C2EE-9F9B-4B4B-A805-75129776B13C}.Release Production|Mixed Platforms.ActiveCfg = Release Production|Win32
		{A0D0C2EE-9F9B-4B4B-A805-75129776B13C}.Release Production|Mixed Platforms.Build.0 = Release Production|Win32
		{A0D0C2EE-9F9B-4B4B-A805-75129776B13C}.Release Production|Win32.ActiveCfg = Release|Win32
		{A0D0C2EE-9F9B-4B4B-A805-75129776B13C}.Release Production|Win32.Build.0 = Release|Win32
		{A0D0C2EE-9F9B-4B4B-A805-75129776B13C}.Release Test|Any CPU.ActiveCfg = Release|Win32
		{A0D0C2EE-9F9B-4B4B-A805-75129776B13C}.Release Test|Mixed Platforms.ActiveCfg = Release|Win32
		{A0D0C2EE-9F9B-4B4B-A805-75129776B13C}.Release Test|Mixed Platforms.Build.0 = Release|Win32
		{A0D0C2EE-9F9B-4B4B-A805-75129776B13C}.Release Test|Win32.ActiveCfg = Release|Win32
		{A0D0C2EE-9F9B-4B4B-A805-75129776B13C}.Release Test|Win32.Build.0 = Release|Win32
	EndGlobalSection
	GlobalSection(SolutionProperties) = preSolution
		HideSolutionNode = FALSE
	EndGlobalSection
EndGlobal
